
Microsoft Visual Studio Solution File, Format Version 12.00
# Visual Studio Version 17
VisualStudioVersion = 17.11.35327.3
MinimumVisualStudioVersion = 10.0.40219.1
Project("{FAE04EC0-301F-11D3-BF4B-00C04F79EFBC}") = "Converter", "Converter\Converter.csproj", "{6297E658-26EC-4037-B775-EF8F9E0157D4}"
EndProject
Global
	GlobalSection(SolutionConfigurationPlatforms) = preSolution
		Debug|Any CPU = Debug|Any CPU
		Release|Any CPU = Release|Any CPU
	EndGlobalSection
	GlobalSection(ProjectConfigurationPlatforms) = postSolution
		{6297E658-26EC-4037-B775-EF8F9E0157D4}.Debug|Any CPU.ActiveCfg = Debug|Any CPU
		{6297E658-26EC-4037-B775-EF8F9E0157D4}.Debug|Any CPU.Build.0 = Debug|Any CPU
		{6297E658-26EC-4037-B775-EF8F9E0157D4}.Debug|Any CPU.Deploy.0 = Debug|Any CPU
		{6297E658-26EC-4037-B775-EF8F9E0157D4}.Release|Any CPU.ActiveCfg = Release|Any CPU
		{6297E658-26EC-4037-B775-EF8F9E0157D4}.Release|Any CPU.Build.0 = Release|Any CPU
		{6297E658-26EC-4037-B775-EF8F9E0157D4}.Release|Any CPU.Deploy.0 = Release|Any CPU
	EndGlobalSection
	GlobalSection(SolutionProperties) = preSolution
		HideSolutionNode = FALSE
	EndGlobalSection
	GlobalSection(ExtensibilityGlobals) = postSolution
		SolutionGuid = {B0512E15-019D-4EA9-BD62-A1B2BF7B1530}
	EndGlobalSection
EndGlobal
